
Microsoft Visual Studio Solution File, Format Version 12.00
# Visual Studio Version 18
VisualStudioVersion = 18.4.11626.88
MinimumVisualStudioVersion = 10.0.40219.1
Project("{FAE04EC0-301F-11D3-BF4B-00C04F79EFBC}") = "OmniWatch", "OmniWatch\OmniWatch.csproj", "{5DA9CF26-F0CA-4013-8BFC-CC9E7AEEF340}"
EndProject
Project("{FAE04EC0-301F-11D3-BF4B-00C04F79EFBC}") = "OmniWatch.Integrations", "OmniWatch.Integrations\OmniWatch.Integrations.csproj", "{466CEF97-81E5-402C-BCDB-885E1AD7F024}"
EndProject
Project("{FAE04EC0-301F-11D3-BF4B-00C04F79EFBC}") = "OmniWatch.Core", "OmniWatch.Core\OmniWatch.Core.csproj", "{65E1E000-F351-471A-983F-BC83A6EA9B4D}"
EndProject
Project("{2150E333-8FDC-42A3-9474-1A3956D46DE8}") = "Tests", "Tests", "{78DE92C1-E02A-4ACF-9BA1-F1A8F37ECFE7}"
EndProject
Project("{FAE04EC0-301F-11D3-BF4B-00C04F79EFBC}") = "OmniWatch.Integrations.Tests", "OmniWatch.Integrations.Tests\OmniWatch.Integrations.Tests.csproj", "{9A6F9A58-CF8A-4AC5-BEBF-563252FC8167}"
EndProject
Global
	GlobalSection(SolutionConfigurationPlatforms) = preSolution
		Debug|Any CPU = Debug|Any CPU
		Release|Any CPU = Release|Any CPU
	EndGlobalSection
	GlobalSection(ProjectConfigurationPlatforms) = postSolution
		{5DA9CF26-F0CA-4013-8BFC-CC9E7AEEF340}.Debug|Any CPU.ActiveCfg = Debug|Any CPU
		{5DA9CF26-F0CA-4013-8BFC-CC9E7AEEF340}.Debug|Any CPU.Build.0 = Debug|Any CPU
		{5DA9CF26-F0CA-4013-8BFC-CC9E7AEEF340}.Release|Any CPU.ActiveCfg = Release|Any CPU
		{5DA9CF26-F0CA-4013-8BFC-CC9E7AEEF340}.Release|Any CPU.Build.0 = Release|Any CPU
		{466CEF97-81E5-402C-BCDB-885E1AD7F024}.Debug|Any CPU.ActiveCfg = Debug|Any CPU
		{466CEF97-81E5-402C-BCDB-885E1AD7F024}.Debug|Any CPU.Build.0 = Debug|Any CPU
		{466CEF97-81E5-402C-BCDB-885E1AD7F024}.Release|Any CPU.ActiveCfg = Release|Any CPU
		{466CEF97-81E5-402C-BCDB-885E1AD7F024}.Release|Any CPU.Build.0 = Release|Any CPU
		{65E1E000-F351-471A-983F-BC83A6EA9B4D}.Debug|Any CPU.ActiveCfg = Debug|Any CPU
		{65E1E000-F351-471A-983F-BC83A6EA9B4D}.Debug|Any CPU.Build.0 = Debug|Any CPU
		{65E1E000-F351-471A-983F-BC83A6EA9B4D}.Release|Any CPU.ActiveCfg = Release|Any CPU
		{65E1E000-F351-471A-983F-BC83A6EA9B4D}.Release|Any CPU.Build.0 = Release|Any CPU
		{9A6F9A58-CF8A-4AC5-BEBF-563252FC8167}.Debug|Any CPU.ActiveCfg = Debug|Any CPU
		{9A6F9A58-CF8A-4AC5-BEBF-563252FC8167}.Debug|Any CPU.Build.0 = Debug|Any CPU
		{9A6F9A58-CF8A-4AC5-BEBF-563252FC8167}.Release|Any CPU.ActiveCfg = Release|Any CPU
		{9A6F9A58-CF8A-4AC5-BEBF-563252FC8167}.Release|Any CPU.Build.0 = Release|Any CPU
	EndGlobalSection
	GlobalSection(SolutionProperties) = preSolution
		HideSolutionNode = FALSE
	EndGlobalSection
	GlobalSection(NestedProjects) = preSolution
		{9A6F9A58-CF8A-4AC5-BEBF-563252FC8167} = {78DE92C1-E02A-4ACF-9BA1-F1A8F37ECFE7}
	EndGlobalSection
	GlobalSection(ExtensibilityGlobals) = postSolution
		SolutionGuid = {426E2DFE-80CD-45F2-8C4B-B2D2960071D0}
	EndGlobalSection
EndGlobal
